{
  "name": "iper",
  "version": "0.7.0",
  "lockfileVersion": 1,
  "dependencies": {
    "not-defined": {
      "version": "1.1.0",
      "resolved": "https://registry.npmjs.org/not-defined/-/not-defined-1.1.0.tgz",
      "integrity": "sha1-5EBKR9kfWvTQU6veHBXWFh45wso="
    },
    "static-props": {
      "version": "1.1.0",
      "resolved": "https://registry.npmjs.org/static-props/-/static-props-1.1.0.tgz",
      "integrity": "sha1-KXg4OCqdwZWjgXI4/QY5KVuj0UU="
    },
    "strict-mode": {
      "version": "1.1.0",
      "resolved": "https://registry.npmjs.org/strict-mode/-/strict-mode-1.1.0.tgz",
      "integrity": "sha512-IPxRJhvmPiJpNC3ATDMNsOmYnc9xnl4f2DEgpgmQ104OMyrmy119jwMHmN/sUij2rtW3cjxHUjhVSUfHXy3njg=="
    }
  }
}
